{
  "name": "js-example",
  "lockfileVersion": 2,
  "requires": true,
  "packages": {
    "": {
      "name": "js-example",
      "license": "MIT",
      "dependencies": {
        "google-protobuf": "*",
        "protoscript": "file:../../dist"
      }
    },
    "../../dist": {
      "name": "protoscript",
      "version": "0.0.7",
      "license": "MIT",
      "dependencies": {
        "google-protobuf": "^3.20.1",
        "prettier": "^2.6.0"
      },
      "bin": {
        "protoscript": "cli/index.js"
      }
    },
    "node_modules/google-protobuf": {
      "version": "3.20.1",
      "resolved": "https://registry.npmjs.org/google-protobuf/-/google-protobuf-3.20.1.tgz",
      "integrity": "sha512-XMf1+O32FjYIV3CYu6Tuh5PNbfNEU5Xu22X+Xkdb/DUexFlCzhvv7d5Iirm4AOwn8lv4al1YvIhzGrg2j9Zfzw=="
    },
    "node_modules/protoscript": {
      "resolved": "../../dist",
      "link": true
    }
  },
  "dependencies": {
    "google-protobuf": {
      "version": "3.20.1",
      "resolved": "https://registry.npmjs.org/google-protobuf/-/google-protobuf-3.20.1.tgz",
      "integrity": "sha512-XMf1+O32FjYIV3CYu6Tuh5PNbfNEU5Xu22X+Xkdb/DUexFlCzhvv7d5Iirm4AOwn8lv4al1YvIhzGrg2j9Zfzw=="
    },
    "protoscript": {
      "version": "file:../../dist",
      "requires": {
        "google-protobuf": "^3.20.1",
        "prettier": "^2.6.0"
      }
    }
  }
}
