{
  "name": "test-serialization",
  "lockfileVersion": 2,
  "requires": true,
  "packages": {
    "": {
      "name": "test-serialization",
      "dependencies": {
        "protoscript": "file:../../dist"
      }
    },
    "../../../dist": {
      "extraneous": true
    },
    "../../dist": {
      "name": "protoscript",
      "version": "0.0.14",
      "license": "MIT",
      "dependencies": {
        "google-protobuf": "^3.21.0",
        "prettier": "^2.7.1"
      },
      "bin": {
        "protoscript": "cli/index.js"
      }
    },
    "node_modules/protoscript": {
      "resolved": "../../dist",
      "link": true
    }
  },
  "dependencies": {
    "protoscript": {
      "version": "file:../../dist",
      "requires": {
        "google-protobuf": "^3.21.0",
        "prettier": "^2.7.1"
      }
    }
  }
}
