{
  "name": "ts-example",
  "lockfileVersion": 2,
  "requires": true,
  "packages": {
    "": {
      "name": "ts-example",
      "license": "MIT",
      "dependencies": {
        "protoscript": "file:../../dist"
      },
      "devDependencies": {
        "typescript": "^4.7.4"
      }
    },
    "../../dist": {
      "name": "protoscript",
      "version": "0.0.7",
      "license": "MIT",
      "dependencies": {
        "google-protobuf": "^3.20.1",
        "prettier": "^2.6.0"
      },
      "bin": {
        "protoscript": "cli/index.js"
      }
    },
    "node_modules/protoscript": {
      "resolved": "../../dist",
      "link": true
    },
    "node_modules/typescript": {
      "version": "4.7.4",
      "resolved": "https://registry.npmjs.org/typescript/-/typescript-4.7.4.tgz",
      "integrity": "sha512-C0WQT0gezHuw6AdY1M2jxUO83Rjf0HP7Sk1DtXj6j1EwkQNZrHAg2XPWlq62oqEhYvONq5pkC2Y9oPljWToLmQ==",
      "dev": true,
      "bin": {
        "tsc": "bin/tsc",
        "tsserver": "bin/tsserver"
      },
      "engines": {
        "node": ">=4.2.0"
      }
    }
  },
  "dependencies": {
    "protoscript": {
      "version": "file:../../dist",
      "requires": {
        "google-protobuf": "^3.20.1",
        "prettier": "^2.6.0"
      }
    },
    "typescript": {
      "version": "4.7.4",
      "resolved": "https://registry.npmjs.org/typescript/-/typescript-4.7.4.tgz",
      "integrity": "sha512-C0WQT0gezHuw6AdY1M2jxUO83Rjf0HP7Sk1DtXj6j1EwkQNZrHAg2XPWlq62oqEhYvONq5pkC2Y9oPljWToLmQ==",
      "dev": true
    }
  }
}
